<?xml version="1.0" encoding="utf-8"?>
<Project ToolsVersion="12.0" xmlns="http://schemas.microsoft.com/developer/msbuild/2003">
  <ItemGroup>
    <Filter Include="src">
      <UniqueIdentifier>{2b071cf7-4e62-4257-8370-361b6fec0702}</UniqueIdentifier>
    </Filter>
    <Filter Include="doc">
      <UniqueIdentifier>{0a234505-4821-43a7-8446-c175682d904b}</UniqueIdentifier>
    </Filter>
  </ItemGroup>
  <ItemGroup>
    <None Include="$(MSBuildThisFileDirectory)README.md" />
    <None Include="$(MSBuildThisFileDirectory)library.properties" />
  </ItemGroup>
  <ItemGroup>
    <Text Include="$(MSBuildThisFileDirectory)license.txt" />
  </ItemGroup>
  <ItemGroup>
    <Image Include="$(MSBuildThisFileDirectory)doc\dabduino_01.jpg">
      <Filter>doc</Filter>
    </Image>
    <Image Include="$(MSBuildThisFileDirectory)doc\dabduino_02.jpg">
      <Filter>doc</Filter>
    </Image>
    <Image Include="$(MSBuildThisFileDirectory)doc\dabduino_pinout_v0.9.png">
      <Filter>doc</Filter>
    </Image>
    <Image Include="$(MSBuildThisFileDirectory)doc\dabduino_pinout_v1.0.png">
      <Filter>doc</Filter>
    </Image>
  </ItemGroup>
  <ItemGroup>
    <ClCompile Include="$(MSBuildThisFileDirectory)src\T3BTuner.cpp">
      <Filter>src</Filter>
    </ClCompile>
    <ClCompile Include="$(MSBuildThisFileDirectory)src\SerialStream.cpp">
      <Filter>src</Filter>
    </ClCompile>
  </ItemGroup>
  <ItemGroup>
    <ClInclude Include="$(MSBuildThisFileDirectory)src\T3BTuner.h">
      <Filter>src</Filter>
    </ClInclude>
    <ClInclude Include="$(MSBuildThisFileDirectory)src\ISerialStream.h">
      <Filter>src</Filter>
    </ClInclude>
    <ClInclude Include="$(MSBuildThisFileDirectory)src\SerialStream.h">
      <Filter>src</Filter>
    </ClInclude>
  </ItemGroup>
</Project>