
Microsoft Visual Studio Solution File, Format Version 12.00
# Visual Studio 15
VisualStudioVersion = 15.0.28307.136
MinimumVisualStudioVersion = 10.0.40219.1
Project("{8BC9CEB8-8B4A-11D0-8D11-00A0C91BC942}") = "DABDUINO_example_2", "DABDUINO_example_2.vcxproj", "{EC642783-AFE4-4034-B220-FB5E3D735ACF}"
EndProject
Project("{8BC9CEB8-8B4A-11D0-8D11-00A0C91BC942}") = "DABDUINO", "..\..\DABDUINO.vcxitems", "{A10C9554-5BB0-4236-BF08-8605B644BA05}"
EndProject
Global
	GlobalSection(SharedMSBuildProjectFiles) = preSolution
		..\..\DABDUINO.vcxitems*{a10c9554-5bb0-4236-bf08-8605b644ba05}*SharedItemsImports = 9
		..\..\DABDUINO.vcxitems*{ec642783-afe4-4034-b220-fb5e3d735acf}*SharedItemsImports = 4
	EndGlobalSection
	GlobalSection(SolutionConfigurationPlatforms) = preSolution
		Debug|x86 = Debug|x86
		Release|x86 = Release|x86
	EndGlobalSection
	GlobalSection(ProjectConfigurationPlatforms) = postSolution
		{EC642783-AFE4-4034-B220-FB5E3D735ACF}.Debug|x86.ActiveCfg = Debug|Win32
		{EC642783-AFE4-4034-B220-FB5E3D735ACF}.Debug|x86.Build.0 = Debug|Win32
		{EC642783-AFE4-4034-B220-FB5E3D735ACF}.Release|x86.ActiveCfg = Release|Win32
		{EC642783-AFE4-4034-B220-FB5E3D735ACF}.Release|x86.Build.0 = Release|Win32
	EndGlobalSection
	GlobalSection(SolutionProperties) = preSolution
		HideSolutionNode = FALSE
	EndGlobalSection
	GlobalSection(ExtensibilityGlobals) = postSolution
		SolutionGuid = {C23A8F6D-13E0-4AFD-B089-81729130A27C}
	EndGlobalSection
EndGlobal
